
Microsoft Visual Studio Solution File, Format Version 12.00
# Visual Studio Version 17
VisualStudioVersion = 17.0.32014.148
MinimumVisualStudioVersion = 10.0.40219.1
Project("{54A90642-561A-4BB1-A94E-469ADEE60C69}") = "CookingRecipesPortal-Client", "CookingRecipesPortal-Client.esproj", "{7EA44B9A-4E81-4539-A3F3-ECCD1A08E122}"
EndProject
Project("{FAE04EC0-301F-11D3-BF4B-00C04F79EFBC}") = "CookingRecipesPortal-API", "..\CookingRecipesPortal-API\CookingRecipesPortal-API.csproj", "{071E88C4-A636-4723-9E63-486CCACA91D1}"
EndProject
Global
	GlobalSection(SolutionConfigurationPlatforms) = preSolution
		Debug|Any CPU = Debug|Any CPU
		Release|Any CPU = Release|Any CPU
	EndGlobalSection
	GlobalSection(ProjectConfigurationPlatforms) = postSolution
		{7EA44B9A-4E81-4539-A3F3-ECCD1A08E122}.Debug|Any CPU.ActiveCfg = Debug|Any CPU
		{7EA44B9A-4E81-4539-A3F3-ECCD1A08E122}.Debug|Any CPU.Build.0 = Debug|Any CPU
		{7EA44B9A-4E81-4539-A3F3-ECCD1A08E122}.Debug|Any CPU.Deploy.0 = Debug|Any CPU
		{7EA44B9A-4E81-4539-A3F3-ECCD1A08E122}.Release|Any CPU.ActiveCfg = Release|Any CPU
		{7EA44B9A-4E81-4539-A3F3-ECCD1A08E122}.Release|Any CPU.Build.0 = Release|Any CPU
		{7EA44B9A-4E81-4539-A3F3-ECCD1A08E122}.Release|Any CPU.Deploy.0 = Release|Any CPU
		{071E88C4-A636-4723-9E63-486CCACA91D1}.Debug|Any CPU.ActiveCfg = Debug|Any CPU
		{071E88C4-A636-4723-9E63-486CCACA91D1}.Debug|Any CPU.Build.0 = Debug|Any CPU
		{071E88C4-A636-4723-9E63-486CCACA91D1}.Release|Any CPU.ActiveCfg = Release|Any CPU
		{071E88C4-A636-4723-9E63-486CCACA91D1}.Release|Any CPU.Build.0 = Release|Any CPU
	EndGlobalSection
	GlobalSection(SolutionProperties) = preSolution
		HideSolutionNode = FALSE
	EndGlobalSection
	GlobalSection(ExtensibilityGlobals) = postSolution
		SolutionGuid = {3EE878FE-8DAE-4856-9031-4CD5B79071BF}
	EndGlobalSection
EndGlobal
